{
  "name": "bg2e-voxel",
  "version": "1.0.0",
  "lockfileVersion": 1,
  "requires": true,
  "dependencies": {
    "bg2e-js": {
      "version": "1.3.27",
      "resolved": "https://registry.npmjs.org/bg2e-js/-/bg2e-js-1.3.27.tgz",
      "integrity": "sha512-yhqdMfs3zG9cAKswTdy8F573uBV5k8UskGrpltjNu1e89BsynrRq6vFfKRt2MUQ3kkm46/SjCqIw8LL22xgHwQ=="
    }
  }
}
